
Microsoft Visual Studio Solution File, Format Version 12.00
# Visual Studio Version 17
VisualStudioVersion = 17.11.35222.181
MinimumVisualStudioVersion = 10.0.40219.1
Project("{FAE04EC0-301F-11D3-BF4B-00C04F79EFBC}") = "pujcovna", "pujcovna\pujcovna.csproj", "{6CDCE807-0714-45F0-84A4-6822F1AF8210}"
EndProject
Global
	GlobalSection(SolutionConfigurationPlatforms) = preSolution
		Debug|Any CPU = Debug|Any CPU
		Release|Any CPU = Release|Any CPU
	EndGlobalSection
	GlobalSection(ProjectConfigurationPlatforms) = postSolution
		{6CDCE807-0714-45F0-84A4-6822F1AF8210}.Debug|Any CPU.ActiveCfg = Debug|Any CPU
		{6CDCE807-0714-45F0-84A4-6822F1AF8210}.Debug|Any CPU.Build.0 = Debug|Any CPU
		{6CDCE807-0714-45F0-84A4-6822F1AF8210}.Release|Any CPU.ActiveCfg = Release|Any CPU
		{6CDCE807-0714-45F0-84A4-6822F1AF8210}.Release|Any CPU.Build.0 = Release|Any CPU
	EndGlobalSection
	GlobalSection(SolutionProperties) = preSolution
		HideSolutionNode = FALSE
	EndGlobalSection
	GlobalSection(ExtensibilityGlobals) = postSolution
		SolutionGuid = {1ED4F9D1-AC02-410B-9DA9-928417684BEC}
	EndGlobalSection
EndGlobal
